// !$*UTF8*$!
{
	archiveVersion = 1;
	classes = {
	};
	objectVersion = 56;
	objects = {

/* Begin PBXBuildFile section */
		68243FD62A00222C008B1E99 /* AppDelegate.swift in Sources */ = {isa = PBXBuildFile; fileRef = 68243FD52A00222C008B1E99 /* AppDelegate.swift */; };
		68243FD82A00222C008B1E99 /* SceneDelegate.swift in Sources */ = {isa = PBXBuildFile; fileRef = 68243FD72A00222C008B1E99 /* SceneDelegate.swift */; };
		68243FDA2A00222C008B1E99 /* ViewController.swift in Sources */ = {isa = PBXBuildFile; fileRef = 68243FD92A00222C008B1E99 /* ViewController.swift */; };
		68243FDD2A00222C008B1E99 /* Main.storyboard in Resources */ = {isa = PBXBuildFile; fileRef = 68243FDB2A00222C008B1E99 /* Main.storyboard */; };
		68243FE02A00222C008B1E99 /* CashCowv5.xcdatamodeld in Sources */ = {isa = PBXBuildFile; fileRef = 68243FDE2A00222C008B1E99 /* CashCowv5.xcdatamodeld */; };
		68243FE22A002230008B1E99 /* Assets.xcassets in Resources */ = {isa = PBXBuildFile; fileRef = 68243FE12A002230008B1E99 /* Assets.xcassets */; };
		68243FE52A002230008B1E99 /* LaunchScreen.storyboard in Resources */ = {isa = PBXBuildFile; fileRef = 68243FE32A002230008B1E99 /* LaunchScreen.storyboard */; };
		68243FF02A002231008B1E99 /* CashCowv5Tests.swift in Sources */ = {isa = PBXBuildFile; fileRef = 68243FEF2A002231008B1E99 /* CashCowv5Tests.swift */; };
		68243FFA2A002231008B1E99 /* CashCowv5UITests.swift in Sources */ = {isa = PBXBuildFile; fileRef = 68243FF92A002231008B1E99 /* CashCowv5UITests.swift */; };
		68243FFC2A002231008B1E99 /* CashCowv5UITestsLaunchTests.swift in Sources */ = {isa = PBXBuildFile; fileRef = 68243FFB2A002231008B1E99 /* CashCowv5UITestsLaunchTests.swift */; };
/* End PBXBuildFile section */

/* Begin PBXContainerItemProxy section */
		68243FEC2A002231008B1E99 /* PBXContainerItemProxy */ = {
			isa = PBXContainerItemProxy;
			containerPortal = 68243FCA2A00222C008B1E99 /* Project object */;
			proxyType = 1;
			remoteGlobalIDString = 68243FD12A00222C008B1E99;
			remoteInfo = CashCowv5;
		};
		68243FF62A002231008B1E99 /* PBXContainerItemProxy */ = {
			isa = PBXContainerItemProxy;
			containerPortal = 68243FCA2A00222C008B1E99 /* Project object */;
			proxyType = 1;
			remoteGlobalIDString = 68243FD12A00222C008B1E99;
			remoteInfo = CashCowv5;
		};
/* End PBXContainerItemProxy section */

/* Begin PBXFileReference section */
		68243FD22A00222C008B1E99 /* CashCowv5.app */ = {isa = PBXFileReference; explicitFileType = wrapper.application; includeInIndex = 0; path = CashCowv5.app; sourceTree = BUILT_PRODUCTS_DIR; };
		68243FD52A00222C008B1E99 /* AppDelegate.swift */ = {isa = PBXFileReference; lastKnownFileType = sourcecode.swift; path = AppDelegate.swift; sourceTree = "<group>"; };
		68243FD72A00222C008B1E99 /* SceneDelegate.swift */ = {isa = PBXFileReference; lastKnownFileType = sourcecode.swift; path = SceneDelegate.swift; sourceTree = "<group>"; };
		68243FD92A00222C008B1E99 /* ViewController.swift */ = {isa = PBXFileReference; lastKnownFileType = sourcecode.swift; path = ViewController.swift; sourceTree = "<group>"; };
		68243FDC2A00222C008B1E99 /* Base */ = {isa = PBXFileReference; lastKnownFileType = file.storyboard; name = Base; path = Base.lproj/Main.storyboard; sourceTree = "<group>"; };
		68243FDF2A00222C008B1E99 /* CashCowv5.xcdatamodel */ = {isa = PBXFileReference; lastKnownFileType = wrapper.xcdatamodel; path = CashCowv5.xcdatamodel; sourceTree = "<group>"; };
		68243FE12A002230008B1E99 /* Assets.xcassets */ = {isa = PBXFileReference; lastKnownFileType = folder.assetcatalog; path = Assets.xcassets; sourceTree = "<group>"; };
		68243FE42A002230008B1E99 /* Base */ = {isa = PBXFileReference; lastKnownFileType = file.storyboard; name = Base; path = Base.lproj/LaunchScreen.storyboard; sourceTree = "<group>"; };
		68243FE62A002230008B1E99 /* Info.plist */ = {isa = PBXFileReference; lastKnownFileType = text.plist.xml; path = Info.plist; sourceTree = "<group>"; };
		68243FEB2A002231008B1E99 /* CashCowv5Tests.xctest */ = {isa = PBXFileReference; explicitFileType = wrapper.cfbundle; includeInIndex = 0; path = CashCowv5Tests.xctest; sourceTree = BUILT_PRODUCTS_DIR; };
		68243FEF2A002231008B1E99 /* CashCowv5Tests.swift */ = {isa = PBXFileReference; lastKnownFileType = sourcecode.swift; path = CashCowv5Tests.swift; sourceTree = "<group>"; };
		68243FF52A002231008B1E99 /* CashCowv5UITests.xctest */ = {isa = PBXFileReference; explicitFileType = wrapper.cfbundle; includeInIndex = 0; path = CashCowv5UITests.xctest; sourceTree = BUILT_PRODUCTS_DIR; };
		68243FF92A002231008B1E99 /* CashCowv5UITests.swift */ = {isa = PBXFileReference; lastKnownFileType = sourcecode.swift; path = CashCowv5UITests.swift; sourceTree = "<group>"; };
		68243FFB2A002231008B1E99 /* CashCowv5UITestsLaunchTests.swift */ = {isa = PBXFileReference; lastKnownFileType = sourcecode.swift; path = CashCowv5UITestsLaunchTests.swift; sourceTree = "<group>"; };
/* End PBXFileReference section */

/* Begin PBXFrameworksBuildPhase section */
		68243FCF2A00222C008B1E99 /* Frameworks */ = {
			isa = PBXFrameworksBuildPhase;
			buildActionMask = 2147483647;
			files = (
			);
			runOnlyForDeploymentPostprocessing = 0;
		};
		68243FE82A002231008B1E99 /* Frameworks */ = {
			isa = PBXFrameworksBuildPhase;
			buildActionMask = 2147483647;
			files = (
			);
			runOnlyForDeploymentPostprocessing = 0;
		};
		68243FF22A002231008B1E99 /* Frameworks */ = {
			isa = PBXFrameworksBuildPhase;
			buildActionMask = 2147483647;
			files = (
			);
			runOnlyForDeploymentPostprocessing = 0;
		};
/* End PBXFrameworksBuildPhase section */

/* Begin PBXGroup section */
		68243FC92A00222C008B1E99 = {
			isa = PBXGroup;
			children = (
				68243FD42A00222C008B1E99 /* CashCowv5 */,
				68243FEE2A002231008B1E99 /* CashCowv5Tests */,
				68243FF82A002231008B1E99 /* CashCowv5UITests */,
				68243FD32A00222C008B1E99 /* Products */,
			);
			sourceTree = "<group>";
		};
		68243FD32A00222C008B1E99 /* Products */ = {
			isa = PBXGroup;
			children = (
				68243FD22A00222C008B1E99 /* CashCowv5.app */,
				68243FEB2A002231008B1E99 /* CashCowv5Tests.xctest */,
				68243FF52A002231008B1E99 /* CashCowv5UITests.xctest */,
			);
			name = Products;
			sourceTree = "<group>";
		};
		68243FD42A00222C008B1E99 /* CashCowv5 */ = {
			isa = PBXGroup;
			children = (
				68243FD52A00222C008B1E99 /* AppDelegate.swift */,
				68243FD72A00222C008B1E99 /* SceneDelegate.swift */,
				68243FD92A00222C008B1E99 /* ViewController.swift */,
				68243FDB2A00222C008B1E99 /* Main.storyboard */,
				68243FE12A002230008B1E99 /* Assets.xcassets */,
				68243FE32A002230008B1E99 /* LaunchScreen.storyboard */,
				68243FE62A002230008B1E99 /* Info.plist */,
				68243FDE2A00222C008B1E99 /* CashCowv5.xcdatamodeld */,
			);
			path = CashCowv5;
			sourceTree = "<group>";
		};
		68243FEE2A002231008B1E99 /* CashCowv5Tests */ = {
			isa = PBXGroup;
			children = (
				68243FEF2A002231008B1E99 /* CashCowv5Tests.swift */,
			);
			path = CashCowv5Tests;
			sourceTree = "<group>";
		};
		68243FF82A002231008B1E99 /* CashCowv5UITests */ = {
			isa = PBXGroup;
			children = (
				68243FF92A002231008B1E99 /* CashCowv5UITests.swift */,
				68243FFB2A002231008B1E99 /* CashCowv5UITestsLaunchTests.swift */,
			);
			path = CashCowv5UITests;
			sourceTree = "<group>";
		};
/* End PBXGroup section */

/* Begin PBXNativeTarget section */
		68243FD12A00222C008B1E99 /* CashCowv5 */ = {
			isa = PBXNativeTarget;
			buildConfigurationList = 68243FFF2A002231008B1E99 /* Build configuration list for PBXNativeTarget "CashCowv5" */;
			buildPhases = (
				68243FCE2A00222C008B1E99 /* Sources */,
				68243FCF2A00222C008B1E99 /* Frameworks */,
				68243FD02A00222C008B1E99 /* Resources */,
			);
			buildRules = (
			);
			dependencies = (
			);
			name = CashCowv5;
			productName = CashCowv5;
			productReference = 68243FD22A00222C008B1E99 /* CashCowv5.app */;
			productType = "com.apple.product-type.application";
		};
		68243FEA2A002231008B1E99 /* CashCowv5Tests */ = {
			isa = PBXNativeTarget;
			buildConfigurationList = 682440022A002231008B1E99 /* Build configuration list for PBXNativeTarget "CashCowv5Tests" */;
			buildPhases = (
				68243FE72A002231008B1E99 /* Sources */,
				68243FE82A002231008B1E99 /* Frameworks */,
				68243FE92A002231008B1E99 /* Resources */,
			);
			buildRules = (
			);
			dependencies = (
				68243FED2A002231008B1E99 /* PBXTargetDependency */,
			);
			name = CashCowv5Tests;
			productName = CashCowv5Tests;
			productReference = 68243FEB2A002231008B1E99 /* CashCowv5Tests.xctest */;
			productType = "com.apple.product-type.bundle.unit-test";
		};
		68243FF42A002231008B1E99 /* CashCowv5UITests */ = {
			isa = PBXNativeTarget;
			buildConfigurationList = 682440052A002231008B1E99 /* Build configuration list for PBXNativeTarget "CashCowv5UITests" */;
			buildPhases = (
				68243FF12A002231008B1E99 /* Sources */,
				68243FF22A002231008B1E99 /* Frameworks */,
				68243FF32A002231008B1E99 /* Resources */,
			);
			buildRules = (
			);
			dependencies = (
				68243FF72A002231008B1E99 /* PBXTargetDependency */,
			);
			name = CashCowv5UITests;
			productName = CashCowv5UITests;
			productReference = 68243FF52A002231008B1E99 /* CashCowv5UITests.xctest */;
			productType = "com.apple.product-type.bundle.ui-testing";
		};
/* End PBXNativeTarget section */

/* Begin PBXProject section */
		68243FCA2A00222C008B1E99 /* Project object */ = {
			isa = PBXProject;
			attributes = {
				BuildIndependentTargetsInParallel = 1;
				LastSwiftUpdateCheck = 1420;
				LastUpgradeCheck = 1420;
				TargetAttributes = {
					68243FD12A00222C008B1E99 = {
						CreatedOnToolsVersion = 14.2;
					};
					68243FEA2A002231008B1E99 = {
						CreatedOnToolsVersion = 14.2;
						TestTargetID = 68243FD12A00222C008B1E99;
					};
					68243FF42A002231008B1E99 = {
						CreatedOnToolsVersion = 14.2;
						TestTargetID = 68243FD12A00222C008B1E99;
					};
				};
			};
			buildConfigurationList = 68243FCD2A00222C008B1E99 /* Build configuration list for PBXProject "CashCowv5" */;
			compatibilityVersion = "Xcode 14.0";
			developmentRegion = en;
			hasScannedForEncodings = 0;
			knownRegions = (
				en,
				Base,
			);
			mainGroup = 68243FC92A00222C008B1E99;
			productRefGroup = 68243FD32A00222C008B1E99 /* Products */;
			projectDirPath = "";
			projectRoot = "";
			targets = (
				68243FD12A00222C008B1E99 /* CashCowv5 */,
				68243FEA2A002231008B1E99 /* CashCowv5Tests */,
				68243FF42A002231008B1E99 /* CashCowv5UITests */,
			);
		};
/* End PBXProject section */

/* Begin PBXResourcesBuildPhase section */
		68243FD02A00222C008B1E99 /* Resources */ = {
			isa = PBXResourcesBuildPhase;
			buildActionMask = 2147483647;
			files = (
				68243FE52A002230008B1E99 /* LaunchScreen.storyboard in Resources */,
				68243FE22A002230008B1E99 /* Assets.xcassets in Resources */,
				68243FDD2A00222C008B1E99 /* Main.storyboard in Resources */,
			);
			runOnlyForDeploymentPostprocessing = 0;
		};
		68243FE92A002231008B1E99 /* Resources */ = {
			isa = PBXResourcesBuildPhase;
			buildActionMask = 2147483647;
			files = (
			);
			runOnlyForDeploymentPostprocessing = 0;
		};
		68243FF32A002231008B1E99 /* Resources */ = {
			isa = PBXResourcesBuildPhase;
			buildActionMask = 2147483647;
			files = (
			);
			runOnlyForDeploymentPostprocessing = 0;
		};
/* End PBXResourcesBuildPhase section */

/* Begin PBXSourcesBuildPhase section */
		68243FCE2A00222C008B1E99 /* Sources */ = {
			isa = PBXSourcesBuildPhase;
			buildActionMask = 2147483647;
			files = (
				68243FDA2A00222C008B1E99 /* ViewController.swift in Sources */,
				68243FE02A00222C008B1E99 /* CashCowv5.xcdatamodeld in Sources */,
				68243FD62A00222C008B1E99 /* AppDelegate.swift in Sources */,
				68243FD82A00222C008B1E99 /* SceneDelegate.swift in Sources */,
			);
			runOnlyForDeploymentPostprocessing = 0;
		};
		68243FE72A002231008B1E99 /* Sources */ = {
			isa = PBXSourcesBuildPhase;
			buildActionMask = 2147483647;
			files = (
				68243FF02A002231008B1E99 /* CashCowv5Tests.swift in Sources */,
			);
			runOnlyForDeploymentPostprocessing = 0;
		};
		68243FF12A002231008B1E99 /* Sources */ = {
			isa = PBXSourcesBuildPhase;
			buildActionMask = 2147483647;
			files = (
				68243FFC2A002231008B1E99 /* CashCowv5UITestsLaunchTests.swift in Sources */,
				68243FFA2A002231008B1E99 /* CashCowv5UITests.swift in Sources */,
			);
			runOnlyForDeploymentPostprocessing = 0;
		};
/* End PBXSourcesBuildPhase section */

/* Begin PBXTargetDependency section */
		68243FED2A002231008B1E99 /* PBXTargetDependency */ = {
			isa = PBXTargetDependency;
			target = 68243FD12A00222C008B1E99 /* CashCowv5 */;
			targetProxy = 68243FEC2A002231008B1E99 /* PBXContainerItemProxy */;
		};
		68243FF72A002231008B1E99 /* PBXTargetDependency */ = {
			isa = PBXTargetDependency;
			target = 68243FD12A00222C008B1E99 /* CashCowv5 */;
			targetProxy = 68243FF62A002231008B1E99 /* PBXContainerItemProxy */;
		};
/* End PBXTargetDependency section */

/* Begin PBXVariantGroup section */
		68243FDB2A00222C008B1E99 /* Main.storyboard */ = {
			isa = PBXVariantGroup;
			children = (
				68243FDC2A00222C008B1E99 /* Base */,
			);
			name = Main.storyboard;
			sourceTree = "<group>";
		};
		68243FE32A002230008B1E99 /* LaunchScreen.storyboard */ = {
			isa = PBXVariantGroup;
			children = (
				68243FE42A002230008B1E99 /* Base */,
			);
			name = LaunchScreen.storyboard;
			sourceTree = "<group>";
		};
/* End PBXVariantGroup section */

/* Begin XCBuildConfiguration section */
		68243FFD2A002231008B1E99 /* Debug */ = {
			isa = XCBuildConfiguration;
			buildSettings = {
				ALWAYS_SEARCH_USER_PATHS = NO;
				CLANG_ANALYZER_NONNULL = YES;
				CLANG_ANALYZER_NUMBER_OBJECT_CONVERSION = YES_AGGRESSIVE;
				CLANG_CXX_LANGUAGE_STANDARD = "gnu++20";
				CLANG_ENABLE_MODULES = YES;
				CLANG_ENABLE_OBJC_ARC = YES;
				CLANG_ENABLE_OBJC_WEAK = YES;
				CLANG_WARN_BLOCK_CAPTURE_AUTORELEASING = YES;
				CLANG_WARN_BOOL_CONVERSION = YES;
				CLANG_WARN_COMMA = YES;
				CLANG_WARN_CONSTANT_CONVERSION = YES;
				CLANG_WARN_DEPRECATED_OBJC_IMPLEMENTATIONS = YES;
				CLANG_WARN_DIRECT_OBJC_ISA_USAGE = YES_ERROR;
				CLANG_WARN_DOCUMENTATION_COMMENTS = YES;
				CLANG_WARN_EMPTY_BODY = YES;
				CLANG_WARN_ENUM_CONVERSION = YES;
				CLANG_WARN_INFINITE_RECURSION = YES;
				CLANG_WARN_INT_CONVERSION = YES;
				CLANG_WARN_NON_LITERAL_NULL_CONVERSION = YES;
				CLANG_WARN_OBJC_IMPLICIT_RETAIN_SELF = YES;
				CLANG_WARN_OBJC_LITERAL_CONVERSION = YES;
				CLANG_WARN_OBJC_ROOT_CLASS = YES_ERROR;
				CLANG_WARN_QUOTED_INCLUDE_IN_FRAMEWORK_HEADER = YES;
				CLANG_WARN_RANGE_LOOP_ANALYSIS = YES;
				CLANG_WARN_STRICT_PROTOTYPES = YES;
				CLANG_WARN_SUSPICIOUS_MOVE = YES;
				CLANG_WARN_UNGUARDED_AVAILABILITY = YES_AGGRESSIVE;
				CLANG_WARN_UNREACHABLE_CODE = YES;
				CLANG_WARN__DUPLICATE_METHOD_MATCH = YES;
				COPY_PHASE_STRIP = NO;
				DEBUG_INFORMATION_FORMAT = dwarf;
				ENABLE_STRICT_OBJC_MSGSEND = YES;
				ENABLE_TESTABILITY = YES;
				GCC_C_LANGUAGE_STANDARD = gnu11;
				GCC_DYNAMIC_NO_PIC = NO;
				GCC_NO_COMMON_BLOCKS = YES;
				GCC_OPTIMIZATION_LEVEL = 0;
				GCC_PREPROCESSOR_DEFINITIONS = (
					"DEBUG=1",
					"$(inherited)",
				);
				GCC_WARN_64_TO_32_BIT_CONVERSION = YES;
				GCC_WARN_ABOUT_RETURN_TYPE = YES_ERROR;
				GCC_WARN_UNDECLARED_SELECTOR = YES;
				GCC_WARN_UNINITIALIZED_AUTOS = YES_AGGRESSIVE;
				GCC_WARN_UNUSED_FUNCTION = YES;
				GCC_WARN_UNUSED_VARIABLE = YES;
				IPHONEOS_DEPLOYMENT_TARGET = 16.2;
				MTL_ENABLE_DEBUG_INFO = INCLUDE_SOURCE;
				MTL_FAST_MATH = YES;
				ONLY_ACTIVE_ARCH = YES;
				SDKROOT = iphoneos;
				SWIFT_ACTIVE_COMPILATION_CONDITIONS = DEBUG;
				SWIFT_OPTIMIZATION_LEVEL = "-Onone";
			};
			name = Debug;
		};
		68243FFE2A002231008B1E99 /* Release */ = {
			isa = XCBuildConfiguration;
			buildSettings = {
				ALWAYS_SEARCH_USER_PATHS = NO;
				CLANG_ANALYZER_NONNULL = YES;
				CLANG_ANALYZER_NUMBER_OBJECT_CONVERSION = YES_AGGRESSIVE;
				CLANG_CXX_LANGUAGE_STANDARD = "gnu++20";
				CLANG_ENABLE_MODULES = YES;
				CLANG_ENABLE_OBJC_ARC = YES;
				CLANG_ENABLE_OBJC_WEAK = YES;
				CLANG_WARN_BLOCK_CAPTURE_AUTORELEASING = YES;
				CLANG_WARN_BOOL_CONVERSION = YES;
				CLANG_WARN_COMMA = YES;
				CLANG_WARN_CONSTANT_CONVERSION = YES;
				CLANG_WARN_DEPRECATED_OBJC_IMPLEMENTATIONS = YES;
				CLANG_WARN_DIRECT_OBJC_ISA_USAGE = YES_ERROR;
				CLANG_WARN_DOCUMENTATION_COMMENTS = YES;
				CLANG_WARN_EMPTY_BODY = YES;
				CLANG_WARN_ENUM_CONVERSION = YES;
				CLANG_WARN_INFINITE_RECURSION = YES;
				CLANG_WARN_INT_CONVERSION = YES;
				CLANG_WARN_NON_LITERAL_NULL_CONVERSION = YES;
				CLANG_WARN_OBJC_IMPLICIT_RETAIN_SELF = YES;
				CLANG_WARN_OBJC_LITERAL_CONVERSION = YES;
				CLANG_WARN_OBJC_ROOT_CLASS = YES_ERROR;
				CLANG_WARN_QUOTED_INCLUDE_IN_FRAMEWORK_HEADER = YES;
				CLANG_WARN_RANGE_LOOP_ANALYSIS = YES;
				CLANG_WARN_STRICT_PROTOTYPES = YES;
				CLANG_WARN_SUSPICIOUS_MOVE = YES;
				CLANG_WARN_UNGUARDED_AVAILABILITY = YES_AGGRESSIVE;
				CLANG_WARN_UNREACHABLE_CODE = YES;
				CLANG_WARN__DUPLICATE_METHOD_MATCH = YES;
				COPY_PHASE_STRIP = NO;
				DEBUG_INFORMATION_FORMAT = "dwarf-with-dsym";
				ENABLE_NS_ASSERTIONS = NO;
				ENABLE_STRICT_OBJC_MSGSEND = YES;
				GCC_C_LANGUAGE_STANDARD = gnu11;
				GCC_NO_COMMON_BLOCKS = YES;
				GCC_WARN_64_TO_32_BIT_CONVERSION = YES;
				GCC_WARN_ABOUT_RETURN_TYPE = YES_ERROR;
				GCC_WARN_UNDECLARED_SELECTOR = YES;
				GCC_WARN_UNINITIALIZED_AUTOS = YES_AGGRESSIVE;
				GCC_WARN_UNUSED_FUNCTION = YES;
				GCC_WARN_UNUSED_VARIABLE = YES;
				IPHONEOS_DEPLOYMENT_TARGET = 16.2;
				MTL_ENABLE_DEBUG_INFO = NO;
				MTL_FAST_MATH = YES;
				SDKROOT = iphoneos;
				SWIFT_COMPILATION_MODE = wholemodule;
				SWIFT_OPTIMIZATION_LEVEL = "-O";
				VALIDATE_PRODUCT = YES;
			};
			name = Release;
		};
		682440002A002231008B1E99 /* Debug */ = {
			isa = XCBuildConfiguration;
			buildSettings = {
				ASSETCATALOG_COMPILER_APPICON_NAME = AppIcon;
				ASSETCATALOG_COMPILER_GLOBAL_ACCENT_COLOR_NAME = AccentColor;
				CODE_SIGN_STYLE = Automatic;
				CURRENT_PROJECT_VERSION = 1;
				DEVELOPMENT_TEAM = 9RPR7VALW8;
				GENERATE_INFOPLIST_FILE = YES;
				INFOPLIST_FILE = CashCowv5/Info.plist;
				INFOPLIST_KEY_UIApplicationSupportsIndirectInputEvents = YES;
				INFOPLIST_KEY_UILaunchStoryboardName = LaunchScreen;
				INFOPLIST_KEY_UIMainStoryboardFile = Main;
				INFOPLIST_KEY_UISupportedInterfaceOrientations_iPad = "UIInterfaceOrientationPortrait UIInterfaceOrientationPortraitUpsideDown UIInterfaceOrientationLandscapeLeft UIInterfaceOrientationLandscapeRight";
				INFOPLIST_KEY_UISupportedInterfaceOrientations_iPhone = "UIInterfaceOrientationPortrait UIInterfaceOrientationLandscapeLeft UIInterfaceOrientationLandscapeRight";
				LD_RUNPATH_SEARCH_PATHS = (
					"$(inherited)",
					"@executable_path/Frameworks",
				);
				MARKETING_VERSION = 1.0;
				PRODUCT_BUNDLE_IDENTIFIER = "FurturesLab-GH-.CashCowv5";
				PRODUCT_NAME = "$(TARGET_NAME)";
				SWIFT_EMIT_LOC_STRINGS = YES;
				SWIFT_VERSION = 5.0;
				TARGETED_DEVICE_FAMILY = "1,2";
			};
			name = Debug;
		};
		682440012A002231008B1E99 /* Release */ = {
			isa = XCBuildConfiguration;
			buildSettings = {
				ASSETCATALOG_COMPILER_APPICON_NAME = AppIcon;
				ASSETCATALOG_COMPILER_GLOBAL_ACCENT_COLOR_NAME = AccentColor;
				CODE_SIGN_STYLE = Automatic;
				CURRENT_PROJECT_VERSION = 1;
				DEVELOPMENT_TEAM = 9RPR7VALW8;
				GENERATE_INFOPLIST_FILE = YES;
				INFOPLIST_FILE = CashCowv5/Info.plist;
				INFOPLIST_KEY_UIApplicationSupportsIndirectInputEvents = YES;
				INFOPLIST_KEY_UILaunchStoryboardName = LaunchScreen;
				INFOPLIST_KEY_UIMainStoryboardFile = Main;
				INFOPLIST_KEY_UISupportedInterfaceOrientations_iPad = "UIInterfaceOrientationPortrait UIInterfaceOrientationPortraitUpsideDown UIInterfaceOrientationLandscapeLeft UIInterfaceOrientationLandscapeRight";
				INFOPLIST_KEY_UISupportedInterfaceOrientations_iPhone = "UIInterfaceOrientationPortrait UIInterfaceOrientationLandscapeLeft UIInterfaceOrientationLandscapeRight";
				LD_RUNPATH_SEARCH_PATHS = (
					"$(inherited)",
					"@executable_path/Frameworks",
				);
				MARKETING_VERSION = 1.0;
				PRODUCT_BUNDLE_IDENTIFIER = "FurturesLab-GH-.CashCowv5";
				PRODUCT_NAME = "$(TARGET_NAME)";
				SWIFT_EMIT_LOC_STRINGS = YES;
				SWIFT_VERSION = 5.0;
				TARGETED_DEVICE_FAMILY = "1,2";
			};
			name = Release;
		};
		682440032A002231008B1E99 /* Debug */ = {
			isa = XCBuildConfiguration;
			buildSettings = {
				ALWAYS_EMBED_SWIFT_STANDARD_LIBRARIES = YES;
				BUNDLE_LOADER = "$(TEST_HOST)";
				CODE_SIGN_STYLE = Automatic;
				CURRENT_PROJECT_VERSION = 1;
				DEVELOPMENT_TEAM = 9RPR7VALW8;
				GENERATE_INFOPLIST_FILE = YES;
				IPHONEOS_DEPLOYMENT_TARGET = 16.2;
				MARKETING_VERSION = 1.0;
				PRODUCT_BUNDLE_IDENTIFIER = "FurturesLab-GH-.CashCowv5Tests";
				PRODUCT_NAME = "$(TARGET_NAME)";
				SWIFT_EMIT_LOC_STRINGS = NO;
				SWIFT_VERSION = 5.0;
				TARGETED_DEVICE_FAMILY = "1,2";
				TEST_HOST = "$(BUILT_PRODUCTS_DIR)/CashCowv5.app/$(BUNDLE_EXECUTABLE_FOLDER_PATH)/CashCowv5";
			};
			name = Debug;
		};
		682440042A002231008B1E99 /* Release */ = {
			isa = XCBuildConfiguration;
			buildSettings = {
				ALWAYS_EMBED_SWIFT_STANDARD_LIBRARIES = YES;
				BUNDLE_LOADER = "$(TEST_HOST)";
				CODE_SIGN_STYLE = Automatic;
				CURRENT_PROJECT_VERSION = 1;
				DEVELOPMENT_TEAM = 9RPR7VALW8;
				GENERATE_INFOPLIST_FILE = YES;
				IPHONEOS_DEPLOYMENT_TARGET = 16.2;
				MARKETING_VERSION = 1.0;
				PRODUCT_BUNDLE_IDENTIFIER = "FurturesLab-GH-.CashCowv5Tests";
				PRODUCT_NAME = "$(TARGET_NAME)";
				SWIFT_EMIT_LOC_STRINGS = NO;
				SWIFT_VERSION = 5.0;
				TARGETED_DEVICE_FAMILY = "1,2";
				TEST_HOST = "$(BUILT_PRODUCTS_DIR)/CashCowv5.app/$(BUNDLE_EXECUTABLE_FOLDER_PATH)/CashCowv5";
			};
			name = Release;
		};
		682440062A002231008B1E99 /* Debug */ = {
			isa = XCBuildConfiguration;
			buildSettings = {
				ALWAYS_EMBED_SWIFT_STANDARD_LIBRARIES = YES;
				CODE_SIGN_STYLE = Automatic;
				CURRENT_PROJECT_VERSION = 1;
				DEVELOPMENT_TEAM = 9RPR7VALW8;
				GENERATE_INFOPLIST_FILE = YES;
				MARKETING_VERSION = 1.0;
				PRODUCT_BUNDLE_IDENTIFIER = "FurturesLab-GH-.CashCowv5UITests";
				PRODUCT_NAME = "$(TARGET_NAME)";
				SWIFT_EMIT_LOC_STRINGS = NO;
				SWIFT_VERSION = 5.0;
				TARGETED_DEVICE_FAMILY = "1,2";
				TEST_TARGET_NAME = CashCowv5;
			};
			name = Debug;
		};
		682440072A002231008B1E99 /* Release */ = {
			isa = XCBuildConfiguration;
			buildSettings = {
				ALWAYS_EMBED_SWIFT_STANDARD_LIBRARIES = YES;
				CODE_SIGN_STYLE = Automatic;
				CURRENT_PROJECT_VERSION = 1;
				DEVELOPMENT_TEAM = 9RPR7VALW8;
				GENERATE_INFOPLIST_FILE = YES;
				MARKETING_VERSION = 1.0;
				PRODUCT_BUNDLE_IDENTIFIER = "FurturesLab-GH-.CashCowv5UITests";
				PRODUCT_NAME = "$(TARGET_NAME)";
				SWIFT_EMIT_LOC_STRINGS = NO;
				SWIFT_VERSION = 5.0;
				TARGETED_DEVICE_FAMILY = "1,2";
				TEST_TARGET_NAME = CashCowv5;
			};
			name = Release;
		};
/* End XCBuildConfiguration section */

/* Begin XCConfigurationList section */
		68243FCD2A00222C008B1E99 /* Build configuration list for PBXProject "CashCowv5" */ = {
			isa = XCConfigurationList;
			buildConfigurations = (
				68243FFD2A002231008B1E99 /* Debug */,
				68243FFE2A002231008B1E99 /* Release */,
			);
			defaultConfigurationIsVisible = 0;
			defaultConfigurationName = Release;
		};
		68243FFF2A002231008B1E99 /* Build configuration list for PBXNativeTarget "CashCowv5" */ = {
			isa = XCConfigurationList;
			buildConfigurations = (
				682440002A002231008B1E99 /* Debug */,
				682440012A002231008B1E99 /* Release */,
			);
			defaultConfigurationIsVisible = 0;
			defaultConfigurationName = Release;
		};
		682440022A002231008B1E99 /* Build configuration list for PBXNativeTarget "CashCowv5Tests" */ = {
			isa = XCConfigurationList;
			buildConfigurations = (
				682440032A002231008B1E99 /* Debug */,
				682440042A002231008B1E99 /* Release */,
			);
			defaultConfigurationIsVisible = 0;
			defaultConfigurationName = Release;
		};
		682440052A002231008B1E99 /* Build configuration list for PBXNativeTarget "CashCowv5UITests" */ = {
			isa = XCConfigurationList;
			buildConfigurations = (
				682440062A002231008B1E99 /* Debug */,
				682440072A002231008B1E99 /* Release */,
			);
			defaultConfigurationIsVisible = 0;
			defaultConfigurationName = Release;
		};
/* End XCConfigurationList section */

/* Begin XCVersionGroup section */
		68243FDE2A00222C008B1E99 /* CashCowv5.xcdatamodeld */ = {
			isa = XCVersionGroup;
			children = (
				68243FDF2A00222C008B1E99 /* CashCowv5.xcdatamodel */,
			);
			currentVersion = 68243FDF2A00222C008B1E99 /* CashCowv5.xcdatamodel */;
			path = CashCowv5.xcdatamodeld;
			sourceTree = "<group>";
			versionGroupType = wrapper.xcdatamodel;
		};
/* End XCVersionGroup section */
	};
	rootObject = 68243FCA2A00222C008B1E99 /* Project object */;
}
